
Microsoft Visual Studio Solution File, Format Version 12.00
# Visual Studio 15
VisualStudioVersion = 15.0.28307.852
MinimumVisualStudioVersion = 10.0.40219.1
Project("{FAE04EC0-301F-11D3-BF4B-00C04F79EFBC}") = "WindowsFormsApp2", "WindowsFormsApp2\WindowsFormsApp2.csproj", "{AED3F985-C612-48EB-B5FF-5ECDA0A35079}"
EndProject
Global
	GlobalSection(SolutionConfigurationPlatforms) = preSolution
		Debug|Any CPU = Debug|Any CPU
		Release|Any CPU = Release|Any CPU
	EndGlobalSection
	GlobalSection(ProjectConfigurationPlatforms) = postSolution
		{AED3F985-C612-48EB-B5FF-5ECDA0A35079}.Debug|Any CPU.ActiveCfg = Debug|Any CPU
		{AED3F985-C612-48EB-B5FF-5ECDA0A35079}.Debug|Any CPU.Build.0 = Debug|Any CPU
		{AED3F985-C612-48EB-B5FF-5ECDA0A35079}.Release|Any CPU.ActiveCfg = Release|Any CPU
		{AED3F985-C612-48EB-B5FF-5ECDA0A35079}.Release|Any CPU.Build.0 = Release|Any CPU
	EndGlobalSection
	GlobalSection(SolutionProperties) = preSolution
		HideSolutionNode = FALSE
	EndGlobalSection
	GlobalSection(ExtensibilityGlobals) = postSolution
		SolutionGuid = {F326DF13-9678-465C-A1F3-F027E629EA77}
	EndGlobalSection
EndGlobal
